// !$*UTF8*$!
{
	archiveVersion = 1;
	classes = {
	};
	objectVersion = 46;
	objects = {

/* Begin PBXBuildFile section */
		182BDFB91BD06224001E9DED /* AppDelegate.swift in Sources */ = {isa = PBXBuildFile; fileRef = 182BDFB81BD06224001E9DED /* AppDelegate.swift */; };
		182BDFBB1BD06224001E9DED /* AddViewController.swift in Sources */ = {isa = PBXBuildFile; fileRef = 182BDFBA1BD06224001E9DED /* AddViewController.swift */; };
		182BDFBE1BD06224001E9DED /* Main.storyboard in Resources */ = {isa = PBXBuildFile; fileRef = 182BDFBC1BD06224001E9DED /* Main.storyboard */; };
		182BDFC01BD06224001E9DED /* Assets.xcassets in Resources */ = {isa = PBXBuildFile; fileRef = 182BDFBF1BD06224001E9DED /* Assets.xcassets */; };
		182BDFC31BD06224001E9DED /* LaunchScreen.storyboard in Resources */ = {isa = PBXBuildFile; fileRef = 182BDFC11BD06224001E9DED /* LaunchScreen.storyboard */; };
		182BDFCE1BD06224001E9DED /* Scavenger_HuntTests.swift in Sources */ = {isa = PBXBuildFile; fileRef = 182BDFCD1BD06224001E9DED /* Scavenger_HuntTests.swift */; };
		182BDFD91BD06224001E9DED /* Scavenger_HuntUITests.swift in Sources */ = {isa = PBXBuildFile; fileRef = 182BDFD81BD06224001E9DED /* Scavenger_HuntUITests.swift */; };
		182BE0231BD077CD001E9DED /* ListViewController.swift in Sources */ = {isa = PBXBuildFile; fileRef = 182BE0221BD077CD001E9DED /* ListViewController.swift */; settings = {ASSET_TAGS = (); }; };
		182BE0251BD08977001E9DED /* ScavengerHuntItem.swift in Sources */ = {isa = PBXBuildFile; fileRef = 182BE0241BD08977001E9DED /* ScavengerHuntItem.swift */; settings = {ASSET_TAGS = (); }; };
		F610618BCB907E3357655BA1 /* Pods.framework in Frameworks */ = {isa = PBXBuildFile; fileRef = F5E95056CAFEDD3210E6B9CC /* Pods.framework */; };
/* End PBXBuildFile section */

/* Begin PBXContainerItemProxy section */
		182BDFCA1BD06224001E9DED /* PBXContainerItemProxy */ = {
			isa = PBXContainerItemProxy;
			containerPortal = 182BDFAD1BD06224001E9DED /* Project object */;
			proxyType = 1;
			remoteGlobalIDString = 182BDFB41BD06224001E9DED;
			remoteInfo = "Scavenger Hunt";
		};
		182BDFD51BD06224001E9DED /* PBXContainerItemProxy */ = {
			isa = PBXContainerItemProxy;
			containerPortal = 182BDFAD1BD06224001E9DED /* Project object */;
			proxyType = 1;
			remoteGlobalIDString = 182BDFB41BD06224001E9DED;
			remoteInfo = "Scavenger Hunt";
		};
/* End PBXContainerItemProxy section */

/* Begin PBXFileReference section */
		182BDFB51BD06224001E9DED /* Scavenger Hunt.app */ = {isa = PBXFileReference; explicitFileType = wrapper.application; includeInIndex = 0; path = "Scavenger Hunt.app"; sourceTree = BUILT_PRODUCTS_DIR; };
		182BDFB81BD06224001E9DED /* AppDelegate.swift */ = {isa = PBXFileReference; lastKnownFileType = sourcecode.swift; path = AppDelegate.swift; sourceTree = "<group>"; };
		182BDFBA1BD06224001E9DED /* AddViewController.swift */ = {isa = PBXFileReference; lastKnownFileType = sourcecode.swift; path = AddViewController.swift; sourceTree = "<group>"; };
		182BDFBD1BD06224001E9DED /* Base */ = {isa = PBXFileReference; lastKnownFileType = file.storyboard; name = Base; path = Base.lproj/Main.storyboard; sourceTree = "<group>"; };
		182BDFBF1BD06224001E9DED /* Assets.xcassets */ = {isa = PBXFileReference; lastKnownFileType = folder.assetcatalog; path = Assets.xcassets; sourceTree = "<group>"; };
		182BDFC21BD06224001E9DED /* Base */ = {isa = PBXFileReference; lastKnownFileType = file.storyboard; name = Base; path = Base.lproj/LaunchScreen.storyboard; sourceTree = "<group>"; };
		182BDFC41BD06224001E9DED /* Info.plist */ = {isa = PBXFileReference; lastKnownFileType = text.plist.xml; path = Info.plist; sourceTree = "<group>"; };
		182BDFC91BD06224001E9DED /* Scavenger HuntTests.xctest */ = {isa = PBXFileReference; explicitFileType = wrapper.cfbundle; includeInIndex = 0; path = "Scavenger HuntTests.xctest"; sourceTree = BUILT_PRODUCTS_DIR; };
		182BDFCD1BD06224001E9DED /* Scavenger_HuntTests.swift */ = {isa = PBXFileReference; lastKnownFileType = sourcecode.swift; path = Scavenger_HuntTests.swift; sourceTree = "<group>"; };
		182BDFCF1BD06224001E9DED /* Info.plist */ = {isa = PBXFileReference; lastKnownFileType = text.plist.xml; path = Info.plist; sourceTree = "<group>"; };
		182BDFD41BD06224001E9DED /* Scavenger HuntUITests.xctest */ = {isa = PBXFileReference; explicitFileType = wrapper.cfbundle; includeInIndex = 0; path = "Scavenger HuntUITests.xctest"; sourceTree = BUILT_PRODUCTS_DIR; };
		182BDFD81BD06224001E9DED /* Scavenger_HuntUITests.swift */ = {isa = PBXFileReference; lastKnownFileType = sourcecode.swift; path = Scavenger_HuntUITests.swift; sourceTree = "<group>"; };
		182BDFDA1BD06224001E9DED /* Info.plist */ = {isa = PBXFileReference; lastKnownFileType = text.plist.xml; path = Info.plist; sourceTree = "<group>"; };
		182BE0221BD077CD001E9DED /* ListViewController.swift */ = {isa = PBXFileReference; fileEncoding = 4; lastKnownFileType = sourcecode.swift; path = ListViewController.swift; sourceTree = "<group>"; };
		182BE0241BD08977001E9DED /* ScavengerHuntItem.swift */ = {isa = PBXFileReference; fileEncoding = 4; lastKnownFileType = sourcecode.swift; path = ScavengerHuntItem.swift; sourceTree = "<group>"; };
		867CEE4C1B1E88CB8C920FC6 /* Pods.debug.xcconfig */ = {isa = PBXFileReference; includeInIndex = 1; lastKnownFileType = text.xcconfig; name = Pods.debug.xcconfig; path = "Pods/Target Support Files/Pods/Pods.debug.xcconfig"; sourceTree = "<group>"; };
		9E84A5C697CF94545F101507 /* Pods.release.xcconfig */ = {isa = PBXFileReference; includeInIndex = 1; lastKnownFileType = text.xcconfig; name = Pods.release.xcconfig; path = "Pods/Target Support Files/Pods/Pods.release.xcconfig"; sourceTree = "<group>"; };
		F5E95056CAFEDD3210E6B9CC /* Pods.framework */ = {isa = PBXFileReference; explicitFileType = wrapper.framework; includeInIndex = 0; path = Pods.framework; sourceTree = BUILT_PRODUCTS_DIR; };
/* End PBXFileReference section */

/* Begin PBXFrameworksBuildPhase section */
		182BDFB21BD06224001E9DED /* Frameworks */ = {
			isa = PBXFrameworksBuildPhase;
			buildActionMask = 2147483647;
			files = (
				F610618BCB907E3357655BA1 /* Pods.framework in Frameworks */,
			);
			runOnlyForDeploymentPostprocessing = 0;
		};
		182BDFC61BD06224001E9DED /* Frameworks */ = {
			isa = PBXFrameworksBuildPhase;
			buildActionMask = 2147483647;
			files = (
			);
			runOnlyForDeploymentPostprocessing = 0;
		};
		182BDFD11BD06224001E9DED /* Frameworks */ = {
			isa = PBXFrameworksBuildPhase;
			buildActionMask = 2147483647;
			files = (
			);
			runOnlyForDeploymentPostprocessing = 0;
		};
/* End PBXFrameworksBuildPhase section */

/* Begin PBXGroup section */
		182BDFAC1BD06224001E9DED = {
			isa = PBXGroup;
			children = (
				182BDFB71BD06224001E9DED /* Scavenger Hunt */,
				182BDFCC1BD06224001E9DED /* Scavenger HuntTests */,
				182BDFD71BD06224001E9DED /* Scavenger HuntUITests */,
				182BDFB61BD06224001E9DED /* Products */,
				82E0514F5F16D5DA4E0CF612 /* Pods */,
				A16888A2F9F55207B05E672E /* Frameworks */,
			);
			sourceTree = "<group>";
		};
		182BDFB61BD06224001E9DED /* Products */ = {
			isa = PBXGroup;
			children = (
				182BDFB51BD06224001E9DED /* Scavenger Hunt.app */,
				182BDFC91BD06224001E9DED /* Scavenger HuntTests.xctest */,
				182BDFD41BD06224001E9DED /* Scavenger HuntUITests.xctest */,
			);
			name = Products;
			sourceTree = "<group>";
		};
		182BDFB71BD06224001E9DED /* Scavenger Hunt */ = {
			isa = PBXGroup;
			children = (
				182BDFB81BD06224001E9DED /* AppDelegate.swift */,
				182BDFBA1BD06224001E9DED /* AddViewController.swift */,
				182BDFBC1BD06224001E9DED /* Main.storyboard */,
				182BDFBF1BD06224001E9DED /* Assets.xcassets */,
				182BDFC11BD06224001E9DED /* LaunchScreen.storyboard */,
				182BDFC41BD06224001E9DED /* Info.plist */,
				182BE0221BD077CD001E9DED /* ListViewController.swift */,
				182BE0241BD08977001E9DED /* ScavengerHuntItem.swift */,
			);
			path = "Scavenger Hunt";
			sourceTree = "<group>";
		};
		182BDFCC1BD06224001E9DED /* Scavenger HuntTests */ = {
			isa = PBXGroup;
			children = (
				182BDFCD1BD06224001E9DED /* Scavenger_HuntTests.swift */,
				182BDFCF1BD06224001E9DED /* Info.plist */,
			);
			path = "Scavenger HuntTests";
			sourceTree = "<group>";
		};
		182BDFD71BD06224001E9DED /* Scavenger HuntUITests */ = {
			isa = PBXGroup;
			children = (
				182BDFD81BD06224001E9DED /* Scavenger_HuntUITests.swift */,
				182BDFDA1BD06224001E9DED /* Info.plist */,
			);
			path = "Scavenger HuntUITests";
			sourceTree = "<group>";
		};
		82E0514F5F16D5DA4E0CF612 /* Pods */ = {
			isa = PBXGroup;
			children = (
				867CEE4C1B1E88CB8C920FC6 /* Pods.debug.xcconfig */,
				9E84A5C697CF94545F101507 /* Pods.release.xcconfig */,
			);
			name = Pods;
			sourceTree = "<group>";
		};
		A16888A2F9F55207B05E672E /* Frameworks */ = {
			isa = PBXGroup;
			children = (
				F5E95056CAFEDD3210E6B9CC /* Pods.framework */,
			);
			name = Frameworks;
			sourceTree = "<group>";
		};
/* End PBXGroup section */

/* Begin PBXNativeTarget section */
		182BDFB41BD06224001E9DED /* Scavenger Hunt */ = {
			isa = PBXNativeTarget;
			buildConfigurationList = 182BDFDD1BD06224001E9DED /* Build configuration list for PBXNativeTarget "Scavenger Hunt" */;
			buildPhases = (
				110A58BEDF70FD71D911E0D1 /* Check Pods Manifest.lock */,
				182BDFB11BD06224001E9DED /* Sources */,
				182BDFB21BD06224001E9DED /* Frameworks */,
				182BDFB31BD06224001E9DED /* Resources */,
				9EC17A8DA8EBA079AFF7337A /* Embed Pods Frameworks */,
				0FCFD51327309352AD0E5E2B /* Copy Pods Resources */,
			);
			buildRules = (
			);
			dependencies = (
			);
			name = "Scavenger Hunt";
			productName = "Scavenger Hunt";
			productReference = 182BDFB51BD06224001E9DED /* Scavenger Hunt.app */;
			productType = "com.apple.product-type.application";
		};
		182BDFC81BD06224001E9DED /* Scavenger HuntTests */ = {
			isa = PBXNativeTarget;
			buildConfigurationList = 182BDFE01BD06224001E9DED /* Build configuration list for PBXNativeTarget "Scavenger HuntTests" */;
			buildPhases = (
				182BDFC51BD06224001E9DED /* Sources */,
				182BDFC61BD06224001E9DED /* Frameworks */,
				182BDFC71BD06224001E9DED /* Resources */,
			);
			buildRules = (
			);
			dependencies = (
				182BDFCB1BD06224001E9DED /* PBXTargetDependency */,
			);
			name = "Scavenger HuntTests";
			productName = "Scavenger HuntTests";
			productReference = 182BDFC91BD06224001E9DED /* Scavenger HuntTests.xctest */;
			productType = "com.apple.product-type.bundle.unit-test";
		};
		182BDFD31BD06224001E9DED /* Scavenger HuntUITests */ = {
			isa = PBXNativeTarget;
			buildConfigurationList = 182BDFE31BD06224001E9DED /* Build configuration list for PBXNativeTarget "Scavenger HuntUITests" */;
			buildPhases = (
				182BDFD01BD06224001E9DED /* Sources */,
				182BDFD11BD06224001E9DED /* Frameworks */,
				182BDFD21BD06224001E9DED /* Resources */,
			);
			buildRules = (
			);
			dependencies = (
				182BDFD61BD06224001E9DED /* PBXTargetDependency */,
			);
			name = "Scavenger HuntUITests";
			productName = "Scavenger HuntUITests";
			productReference = 182BDFD41BD06224001E9DED /* Scavenger HuntUITests.xctest */;
			productType = "com.apple.product-type.bundle.ui-testing";
		};
/* End PBXNativeTarget section */

/* Begin PBXProject section */
		182BDFAD1BD06224001E9DED /* Project object */ = {
			isa = PBXProject;
			attributes = {
				LastUpgradeCheck = 0700;
				ORGANIZATIONNAME = Jacob;
				TargetAttributes = {
					182BDFB41BD06224001E9DED = {
						CreatedOnToolsVersion = 7.0;
					};
					182BDFC81BD06224001E9DED = {
						CreatedOnToolsVersion = 7.0;
						TestTargetID = 182BDFB41BD06224001E9DED;
					};
					182BDFD31BD06224001E9DED = {
						CreatedOnToolsVersion = 7.0;
						TestTargetID = 182BDFB41BD06224001E9DED;
					};
				};
			};
			buildConfigurationList = 182BDFB01BD06224001E9DED /* Build configuration list for PBXProject "Scavenger Hunt" */;
			compatibilityVersion = "Xcode 3.2";
			developmentRegion = English;
			hasScannedForEncodings = 0;
			knownRegions = (
				en,
				Base,
			);
			mainGroup = 182BDFAC1BD06224001E9DED;
			productRefGroup = 182BDFB61BD06224001E9DED /* Products */;
			projectDirPath = "";
			projectRoot = "";
			targets = (
				182BDFB41BD06224001E9DED /* Scavenger Hunt */,
				182BDFC81BD06224001E9DED /* Scavenger HuntTests */,
				182BDFD31BD06224001E9DED /* Scavenger HuntUITests */,
			);
		};
/* End PBXProject section */

/* Begin PBXResourcesBuildPhase section */
		182BDFB31BD06224001E9DED /* Resources */ = {
			isa = PBXResourcesBuildPhase;
			buildActionMask = 2147483647;
			files = (
				182BDFC31BD06224001E9DED /* LaunchScreen.storyboard in Resources */,
				182BDFC01BD06224001E9DED /* Assets.xcassets in Resources */,
				182BDFBE1BD06224001E9DED /* Main.storyboard in Resources */,
			);
			runOnlyForDeploymentPostprocessing = 0;
		};
		182BDFC71BD06224001E9DED /* Resources */ = {
			isa = PBXResourcesBuildPhase;
			buildActionMask = 2147483647;
			files = (
			);
			runOnlyForDeploymentPostprocessing = 0;
		};
		182BDFD21BD06224001E9DED /* Resources */ = {
			isa = PBXResourcesBuildPhase;
			buildActionMask = 2147483647;
			files = (
			);
			runOnlyForDeploymentPostprocessing = 0;
		};
/* End PBXResourcesBuildPhase section */

/* Begin PBXShellScriptBuildPhase section */
		0FCFD51327309352AD0E5E2B /* Copy Pods Resources */ = {
			isa = PBXShellScriptBuildPhase;
			buildActionMask = 2147483647;
			files = (
			);
			inputPaths = (
			);
			name = "Copy Pods Resources";
			outputPaths = (
			);
			runOnlyForDeploymentPostprocessing = 0;
			shellPath = /bin/sh;
			shellScript = "\"${SRCROOT}/Pods/Target Support Files/Pods/Pods-resources.sh\"\n";
			showEnvVarsInLog = 0;
		};
		110A58BEDF70FD71D911E0D1 /* Check Pods Manifest.lock */ = {
			isa = PBXShellScriptBuildPhase;
			buildActionMask = 2147483647;
			files = (
			);
			inputPaths = (
			);
			name = "Check Pods Manifest.lock";
			outputPaths = (
			);
			runOnlyForDeploymentPostprocessing = 0;
			shellPath = /bin/sh;
			shellScript = "diff \"${PODS_ROOT}/../Podfile.lock\" \"${PODS_ROOT}/Manifest.lock\" > /dev/null\nif [[ $? != 0 ]] ; then\n    cat << EOM\nerror: The sandbox is not in sync with the Podfile.lock. Run 'pod install' or update your CocoaPods installation.\nEOM\n    exit 1\nfi\n";
			showEnvVarsInLog = 0;
		};
		9EC17A8DA8EBA079AFF7337A /* Embed Pods Frameworks */ = {
			isa = PBXShellScriptBuildPhase;
			buildActionMask = 2147483647;
			files = (
			);
			inputPaths = (
			);
			name = "Embed Pods Frameworks";
			outputPaths = (
			);
			runOnlyForDeploymentPostprocessing = 0;
			shellPath = /bin/sh;
			shellScript = "\"${SRCROOT}/Pods/Target Support Files/Pods/Pods-frameworks.sh\"\n";
			showEnvVarsInLog = 0;
		};
/* End PBXShellScriptBuildPhase section */

/* Begin PBXSourcesBuildPhase section */
		182BDFB11BD06224001E9DED /* Sources */ = {
			isa = PBXSourcesBuildPhase;
			buildActionMask = 2147483647;
			files = (
				182BDFBB1BD06224001E9DED /* AddViewController.swift in Sources */,
				182BDFB91BD06224001E9DED /* AppDelegate.swift in Sources */,
				182BE0251BD08977001E9DED /* ScavengerHuntItem.swift in Sources */,
				182BE0231BD077CD001E9DED /* ListViewController.swift in Sources */,
			);
			runOnlyForDeploymentPostprocessing = 0;
		};
		182BDFC51BD06224001E9DED /* Sources */ = {
			isa = PBXSourcesBuildPhase;
			buildActionMask = 2147483647;
			files = (
				182BDFCE1BD06224001E9DED /* Scavenger_HuntTests.swift in Sources */,
			);
			runOnlyForDeploymentPostprocessing = 0;
		};
		182BDFD01BD06224001E9DED /* Sources */ = {
			isa = PBXSourcesBuildPhase;
			buildActionMask = 2147483647;
			files = (
				182BDFD91BD06224001E9DED /* Scavenger_HuntUITests.swift in Sources */,
			);
			runOnlyForDeploymentPostprocessing = 0;
		};
/* End PBXSourcesBuildPhase section */

/* Begin PBXTargetDependency section */
		182BDFCB1BD06224001E9DED /* PBXTargetDependency */ = {
			isa = PBXTargetDependency;
			target = 182BDFB41BD06224001E9DED /* Scavenger Hunt */;
			targetProxy = 182BDFCA1BD06224001E9DED /* PBXContainerItemProxy */;
		};
		182BDFD61BD06224001E9DED /* PBXTargetDependency */ = {
			isa = PBXTargetDependency;
			target = 182BDFB41BD06224001E9DED /* Scavenger Hunt */;
			targetProxy = 182BDFD51BD06224001E9DED /* PBXContainerItemProxy */;
		};
/* End PBXTargetDependency section */

/* Begin PBXVariantGroup section */
		182BDFBC1BD06224001E9DED /* Main.storyboard */ = {
			isa = PBXVariantGroup;
			children = (
				182BDFBD1BD06224001E9DED /* Base */,
			);
			name = Main.storyboard;
			sourceTree = "<group>";
		};
		182BDFC11BD06224001E9DED /* LaunchScreen.storyboard */ = {
			isa = PBXVariantGroup;
			children = (
				182BDFC21BD06224001E9DED /* Base */,
			);
			name = LaunchScreen.storyboard;
			sourceTree = "<group>";
		};
/* End PBXVariantGroup section */

/* Begin XCBuildConfiguration section */
		182BDFDB1BD06224001E9DED /* Debug */ = {
			isa = XCBuildConfiguration;
			buildSettings = {
				ALWAYS_SEARCH_USER_PATHS = NO;
				CLANG_CXX_LANGUAGE_STANDARD = "gnu++0x";
				CLANG_CXX_LIBRARY = "libc++";
				CLANG_ENABLE_MODULES = YES;
				CLANG_ENABLE_OBJC_ARC = YES;
				CLANG_WARN_BOOL_CONVERSION = YES;
				CLANG_WARN_CONSTANT_CONVERSION = YES;
				CLANG_WARN_DIRECT_OBJC_ISA_USAGE = YES_ERROR;
				CLANG_WARN_EMPTY_BODY = YES;
				CLANG_WARN_ENUM_CONVERSION = YES;
				CLANG_WARN_INT_CONVERSION = YES;
				CLANG_WARN_OBJC_ROOT_CLASS = YES_ERROR;
				CLANG_WARN_UNREACHABLE_CODE = YES;
				CLANG_WARN__DUPLICATE_METHOD_MATCH = YES;
				"CODE_SIGN_IDENTITY[sdk=iphoneos*]" = "iPhone Developer";
				COPY_PHASE_STRIP = NO;
				DEBUG_INFORMATION_FORMAT = dwarf;
				ENABLE_STRICT_OBJC_MSGSEND = YES;
				ENABLE_TESTABILITY = YES;
				GCC_C_LANGUAGE_STANDARD = gnu99;
				GCC_DYNAMIC_NO_PIC = NO;
				GCC_NO_COMMON_BLOCKS = YES;
				GCC_OPTIMIZATION_LEVEL = 0;
				GCC_PREPROCESSOR_DEFINITIONS = (
					"DEBUG=1",
					"$(inherited)",
				);
				GCC_WARN_64_TO_32_BIT_CONVERSION = YES;
				GCC_WARN_ABOUT_RETURN_TYPE = YES_ERROR;
				GCC_WARN_UNDECLARED_SELECTOR = YES;
				GCC_WARN_UNINITIALIZED_AUTOS = YES_AGGRESSIVE;
				GCC_WARN_UNUSED_FUNCTION = YES;
				GCC_WARN_UNUSED_VARIABLE = YES;
				IPHONEOS_DEPLOYMENT_TARGET = 9.0;
				MTL_ENABLE_DEBUG_INFO = YES;
				ONLY_ACTIVE_ARCH = YES;
				SDKROOT = iphoneos;
				SWIFT_OPTIMIZATION_LEVEL = "-Onone";
				TARGETED_DEVICE_FAMILY = "1,2";
			};
			name = Debug;
		};
		182BDFDC1BD06224001E9DED /* Release */ = {
			isa = XCBuildConfiguration;
			buildSettings = {
				ALWAYS_SEARCH_USER_PATHS = NO;
				CLANG_CXX_LANGUAGE_STANDARD = "gnu++0x";
				CLANG_CXX_LIBRARY = "libc++";
				CLANG_ENABLE_MODULES = YES;
				CLANG_ENABLE_OBJC_ARC = YES;
				CLANG_WARN_BOOL_CONVERSION = YES;
				CLANG_WARN_CONSTANT_CONVERSION = YES;
				CLANG_WARN_DIRECT_OBJC_ISA_USAGE = YES_ERROR;
				CLANG_WARN_EMPTY_BODY = YES;
				CLANG_WARN_ENUM_CONVERSION = YES;
				CLANG_WARN_INT_CONVERSION = YES;
				CLANG_WARN_OBJC_ROOT_CLASS = YES_ERROR;
				CLANG_WARN_UNREACHABLE_CODE = YES;
				CLANG_WARN__DUPLICATE_METHOD_MATCH = YES;
				"CODE_SIGN_IDENTITY[sdk=iphoneos*]" = "iPhone Developer";
				COPY_PHASE_STRIP = NO;
				DEBUG_INFORMATION_FORMAT = "dwarf-with-dsym";
				ENABLE_NS_ASSERTIONS = NO;
				ENABLE_STRICT_OBJC_MSGSEND = YES;
				GCC_C_LANGUAGE_STANDARD = gnu99;
				GCC_NO_COMMON_BLOCKS = YES;
				GCC_WARN_64_TO_32_BIT_CONVERSION = YES;
				GCC_WARN_ABOUT_RETURN_TYPE = YES_ERROR;
				GCC_WARN_UNDECLARED_SELECTOR = YES;
				GCC_WARN_UNINITIALIZED_AUTOS = YES_AGGRESSIVE;
				GCC_WARN_UNUSED_FUNCTION = YES;
				GCC_WARN_UNUSED_VARIABLE = YES;
				IPHONEOS_DEPLOYMENT_TARGET = 9.0;
				MTL_ENABLE_DEBUG_INFO = NO;
				SDKROOT = iphoneos;
				TARGETED_DEVICE_FAMILY = "1,2";
				VALIDATE_PRODUCT = YES;
			};
			name = Release;
		};
		182BDFDE1BD06224001E9DED /* Debug */ = {
			isa = XCBuildConfiguration;
			baseConfigurationReference = 867CEE4C1B1E88CB8C920FC6 /* Pods.debug.xcconfig */;
			buildSettings = {
				ASSETCATALOG_COMPILER_APPICON_NAME = AppIcon;
				CODE_SIGN_IDENTITY = "iPhone Developer";
				INFOPLIST_FILE = "Scavenger Hunt/Info.plist";
				LD_RUNPATH_SEARCH_PATHS = "$(inherited) @executable_path/Frameworks";
				PRODUCT_BUNDLE_IDENTIFIER = "org.stuartresearch.Scavenger-Hunt";
				PRODUCT_NAME = "$(TARGET_NAME)";
				TARGETED_DEVICE_FAMILY = "1,2";
			};
			name = Debug;
		};
		182BDFDF1BD06224001E9DED /* Release */ = {
			isa = XCBuildConfiguration;
			baseConfigurationReference = 9E84A5C697CF94545F101507 /* Pods.release.xcconfig */;
			buildSettings = {
				ASSETCATALOG_COMPILER_APPICON_NAME = AppIcon;
				CODE_SIGN_IDENTITY = "iPhone Developer";
				INFOPLIST_FILE = "Scavenger Hunt/Info.plist";
				LD_RUNPATH_SEARCH_PATHS = "$(inherited) @executable_path/Frameworks";
				PRODUCT_BUNDLE_IDENTIFIER = "org.stuartresearch.Scavenger-Hunt";
				PRODUCT_NAME = "$(TARGET_NAME)";
				TARGETED_DEVICE_FAMILY = "1,2";
			};
			name = Release;
		};
		182BDFE11BD06224001E9DED /* Debug */ = {
			isa = XCBuildConfiguration;
			buildSettings = {
				BUNDLE_LOADER = "$(TEST_HOST)";
				INFOPLIST_FILE = "Scavenger HuntTests/Info.plist";
				LD_RUNPATH_SEARCH_PATHS = "$(inherited) @executable_path/Frameworks @loader_path/Frameworks";
				PRODUCT_BUNDLE_IDENTIFIER = "org.stuartresearch.Scavenger-HuntTests";
				PRODUCT_NAME = "$(TARGET_NAME)";
				TEST_HOST = "$(BUILT_PRODUCTS_DIR)/Scavenger Hunt.app/Scavenger Hunt";
			};
			name = Debug;
		};
		182BDFE21BD06224001E9DED /* Release */ = {
			isa = XCBuildConfiguration;
			buildSettings = {
				BUNDLE_LOADER = "$(TEST_HOST)";
				INFOPLIST_FILE = "Scavenger HuntTests/Info.plist";
				LD_RUNPATH_SEARCH_PATHS = "$(inherited) @executable_path/Frameworks @loader_path/Frameworks";
				PRODUCT_BUNDLE_IDENTIFIER = "org.stuartresearch.Scavenger-HuntTests";
				PRODUCT_NAME = "$(TARGET_NAME)";
				TEST_HOST = "$(BUILT_PRODUCTS_DIR)/Scavenger Hunt.app/Scavenger Hunt";
			};
			name = Release;
		};
		182BDFE41BD06224001E9DED /* Debug */ = {
			isa = XCBuildConfiguration;
			buildSettings = {
				INFOPLIST_FILE = "Scavenger HuntUITests/Info.plist";
				LD_RUNPATH_SEARCH_PATHS = "$(inherited) @executable_path/Frameworks @loader_path/Frameworks";
				PRODUCT_BUNDLE_IDENTIFIER = "org.stuartresearch.Scavenger-HuntUITests";
				PRODUCT_NAME = "$(TARGET_NAME)";
				TEST_TARGET_NAME = "Scavenger Hunt";
				USES_XCTRUNNER = YES;
			};
			name = Debug;
		};
		182BDFE51BD06224001E9DED /* Release */ = {
			isa = XCBuildConfiguration;
			buildSettings = {
				INFOPLIST_FILE = "Scavenger HuntUITests/Info.plist";
				LD_RUNPATH_SEARCH_PATHS = "$(inherited) @executable_path/Frameworks @loader_path/Frameworks";
				PRODUCT_BUNDLE_IDENTIFIER = "org.stuartresearch.Scavenger-HuntUITests";
				PRODUCT_NAME = "$(TARGET_NAME)";
				TEST_TARGET_NAME = "Scavenger Hunt";
				USES_XCTRUNNER = YES;
			};
			name = Release;
		};
/* End XCBuildConfiguration section */

/* Begin XCConfigurationList section */
		182BDFB01BD06224001E9DED /* Build configuration list for PBXProject "Scavenger Hunt" */ = {
			isa = XCConfigurationList;
			buildConfigurations = (
				182BDFDB1BD06224001E9DED /* Debug */,
				182BDFDC1BD06224001E9DED /* Release */,
			);
			defaultConfigurationIsVisible = 0;
			defaultConfigurationName = Release;
		};
		182BDFDD1BD06224001E9DED /* Build configuration list for PBXNativeTarget "Scavenger Hunt" */ = {
			isa = XCConfigurationList;
			buildConfigurations = (
				182BDFDE1BD06224001E9DED /* Debug */,
				182BDFDF1BD06224001E9DED /* Release */,
			);
			defaultConfigurationIsVisible = 0;
			defaultConfigurationName = Release;
		};
		182BDFE01BD06224001E9DED /* Build configuration list for PBXNativeTarget "Scavenger HuntTests" */ = {
			isa = XCConfigurationList;
			buildConfigurations = (
				182BDFE11BD06224001E9DED /* Debug */,
				182BDFE21BD06224001E9DED /* Release */,
			);
			defaultConfigurationIsVisible = 0;
			defaultConfigurationName = Release;
		};
		182BDFE31BD06224001E9DED /* Build configuration list for PBXNativeTarget "Scavenger HuntUITests" */ = {
			isa = XCConfigurationList;
			buildConfigurations = (
				182BDFE41BD06224001E9DED /* Debug */,
				182BDFE51BD06224001E9DED /* Release */,
			);
			defaultConfigurationIsVisible = 0;
			defaultConfigurationName = Release;
		};
/* End XCConfigurationList section */
	};
	rootObject = 182BDFAD1BD06224001E9DED /* Project object */;
}
